
Microsoft Visual Studio Solution File, Format Version 12.00
# Visual Studio Version 16
VisualStudioVersion = 16.0.30804.86
MinimumVisualStudioVersion = 10.0.40219.1
Project("{8BC9CEB8-8B4A-11D0-8D11-00A0C91BC942}") = "game of the generals AI", "game of the generals AI.vcxproj", "{AE4F49E1-A272-419B-BE06-227BBDCC2F24}"
EndProject
Global
	GlobalSection(SolutionConfigurationPlatforms) = preSolution
		Debug|x64 = Debug|x64
		Debug|x86 = Debug|x86
		Release|x64 = Release|x64
		Release|x86 = Release|x86
	EndGlobalSection
	GlobalSection(ProjectConfigurationPlatforms) = postSolution
		{AE4F49E1-A272-419B-BE06-227BBDCC2F24}.Debug|x64.ActiveCfg = Debug|x64
		{AE4F49E1-A272-419B-BE06-227BBDCC2F24}.Debug|x64.Build.0 = Debug|x64
		{AE4F49E1-A272-419B-BE06-227BBDCC2F24}.Debug|x86.ActiveCfg = Debug|Win32
		{AE4F49E1-A272-419B-BE06-227BBDCC2F24}.Debug|x86.Build.0 = Debug|Win32
		{AE4F49E1-A272-419B-BE06-227BBDCC2F24}.Release|x64.ActiveCfg = Release|x64
		{AE4F49E1-A272-419B-BE06-227BBDCC2F24}.Release|x64.Build.0 = Release|x64
		{AE4F49E1-A272-419B-BE06-227BBDCC2F24}.Release|x86.ActiveCfg = Release|Win32
		{AE4F49E1-A272-419B-BE06-227BBDCC2F24}.Release|x86.Build.0 = Release|Win32
	EndGlobalSection
	GlobalSection(SolutionProperties) = preSolution
		HideSolutionNode = FALSE
	EndGlobalSection
	GlobalSection(ExtensibilityGlobals) = postSolution
		SolutionGuid = {B97D7A93-520E-4F39-8386-B31AC020AD9D}
	EndGlobalSection
EndGlobal
